
Microsoft Visual Studio Solution File, Format Version 12.00
# Visual Studio 15
VisualStudioVersion = 15.0.26124.0
MinimumVisualStudioVersion = 15.0.26124.0
Project("{2150E333-8FDC-42A3-9474-1A3956D46DE8}") = "src", "src", "{26830036-189B-4A90-B125-A00403D4435D}"
EndProject
Project("{FAE04EC0-301F-11D3-BF4B-00C04F79EFBC}") = "BankConsole", "src\BankConsole\BankConsole.csproj", "{A238EA7A-82E2-4BB7-BF9D-17E1B68E0700}"
EndProject
Project("{FAE04EC0-301F-11D3-BF4B-00C04F79EFBC}") = "Bank", "src\Bank\Bank.csproj", "{641B46E9-2710-46D9-A52E-60DB9AE833A7}"
EndProject
Global
	GlobalSection(SolutionConfigurationPlatforms) = preSolution
		Debug|Any CPU = Debug|Any CPU
		Debug|x64 = Debug|x64
		Debug|x86 = Debug|x86
		Release|Any CPU = Release|Any CPU
		Release|x64 = Release|x64
		Release|x86 = Release|x86
	EndGlobalSection
	GlobalSection(SolutionProperties) = preSolution
		HideSolutionNode = FALSE
	EndGlobalSection
	GlobalSection(ProjectConfigurationPlatforms) = postSolution
		{A238EA7A-82E2-4BB7-BF9D-17E1B68E0700}.Debug|Any CPU.ActiveCfg = Debug|Any CPU
		{A238EA7A-82E2-4BB7-BF9D-17E1B68E0700}.Debug|Any CPU.Build.0 = Debug|Any CPU
		{A238EA7A-82E2-4BB7-BF9D-17E1B68E0700}.Debug|x64.ActiveCfg = Debug|Any CPU
		{A238EA7A-82E2-4BB7-BF9D-17E1B68E0700}.Debug|x64.Build.0 = Debug|Any CPU
		{A238EA7A-82E2-4BB7-BF9D-17E1B68E0700}.Debug|x86.ActiveCfg = Debug|Any CPU
		{A238EA7A-82E2-4BB7-BF9D-17E1B68E0700}.Debug|x86.Build.0 = Debug|Any CPU
		{A238EA7A-82E2-4BB7-BF9D-17E1B68E0700}.Release|Any CPU.ActiveCfg = Release|Any CPU
		{A238EA7A-82E2-4BB7-BF9D-17E1B68E0700}.Release|Any CPU.Build.0 = Release|Any CPU
		{A238EA7A-82E2-4BB7-BF9D-17E1B68E0700}.Release|x64.ActiveCfg = Release|Any CPU
		{A238EA7A-82E2-4BB7-BF9D-17E1B68E0700}.Release|x64.Build.0 = Release|Any CPU
		{A238EA7A-82E2-4BB7-BF9D-17E1B68E0700}.Release|x86.ActiveCfg = Release|Any CPU
		{A238EA7A-82E2-4BB7-BF9D-17E1B68E0700}.Release|x86.Build.0 = Release|Any CPU
		{641B46E9-2710-46D9-A52E-60DB9AE833A7}.Debug|Any CPU.ActiveCfg = Debug|Any CPU
		{641B46E9-2710-46D9-A52E-60DB9AE833A7}.Debug|Any CPU.Build.0 = Debug|Any CPU
		{641B46E9-2710-46D9-A52E-60DB9AE833A7}.Debug|x64.ActiveCfg = Debug|Any CPU
		{641B46E9-2710-46D9-A52E-60DB9AE833A7}.Debug|x64.Build.0 = Debug|Any CPU
		{641B46E9-2710-46D9-A52E-60DB9AE833A7}.Debug|x86.ActiveCfg = Debug|Any CPU
		{641B46E9-2710-46D9-A52E-60DB9AE833A7}.Debug|x86.Build.0 = Debug|Any CPU
		{641B46E9-2710-46D9-A52E-60DB9AE833A7}.Release|Any CPU.ActiveCfg = Release|Any CPU
		{641B46E9-2710-46D9-A52E-60DB9AE833A7}.Release|Any CPU.Build.0 = Release|Any CPU
		{641B46E9-2710-46D9-A52E-60DB9AE833A7}.Release|x64.ActiveCfg = Release|Any CPU
		{641B46E9-2710-46D9-A52E-60DB9AE833A7}.Release|x64.Build.0 = Release|Any CPU
		{641B46E9-2710-46D9-A52E-60DB9AE833A7}.Release|x86.ActiveCfg = Release|Any CPU
		{641B46E9-2710-46D9-A52E-60DB9AE833A7}.Release|x86.Build.0 = Release|Any CPU
	EndGlobalSection
	GlobalSection(NestedProjects) = preSolution
		{A238EA7A-82E2-4BB7-BF9D-17E1B68E0700} = {26830036-189B-4A90-B125-A00403D4435D}
		{641B46E9-2710-46D9-A52E-60DB9AE833A7} = {26830036-189B-4A90-B125-A00403D4435D}
	EndGlobalSection
EndGlobal
